
Microsoft Visual Studio Solution File, Format Version 12.00
# Visual Studio 15
VisualStudioVersion = 15.0.26124.0
MinimumVisualStudioVersion = 15.0.26124.0
Project("{FAE04EC0-301F-11D3-BF4B-00C04F79EFBC}") = "Domain", "Domain\Domain.csproj", "{C503B91D-074B-49E9-A64B-812AB8946F6D}"
EndProject
Project("{FAE04EC0-301F-11D3-BF4B-00C04F79EFBC}") = "Application", "Application\Application.csproj", "{7C18324C-3A2D-4305-841F-CAE4C3E6C388}"
EndProject
Project("{FAE04EC0-301F-11D3-BF4B-00C04F79EFBC}") = "Persistence", "Persistence\Persistence.csproj", "{DDA6FEAA-B5B3-4920-BDA5-2A5527D24572}"
EndProject
Project("{FAE04EC0-301F-11D3-BF4B-00C04F79EFBC}") = "API", "API\API.csproj", "{07D7B750-6DC8-47E8-9D7F-6A2E05722E33}"
EndProject
Global
	GlobalSection(SolutionConfigurationPlatforms) = preSolution
		Debug|Any CPU = Debug|Any CPU
		Debug|x64 = Debug|x64
		Debug|x86 = Debug|x86
		Release|Any CPU = Release|Any CPU
		Release|x64 = Release|x64
		Release|x86 = Release|x86
	EndGlobalSection
	GlobalSection(SolutionProperties) = preSolution
		HideSolutionNode = FALSE
	EndGlobalSection
	GlobalSection(ProjectConfigurationPlatforms) = postSolution
		{C503B91D-074B-49E9-A64B-812AB8946F6D}.Debug|Any CPU.ActiveCfg = Debug|Any CPU
		{C503B91D-074B-49E9-A64B-812AB8946F6D}.Debug|Any CPU.Build.0 = Debug|Any CPU
		{C503B91D-074B-49E9-A64B-812AB8946F6D}.Debug|x64.ActiveCfg = Debug|Any CPU
		{C503B91D-074B-49E9-A64B-812AB8946F6D}.Debug|x64.Build.0 = Debug|Any CPU
		{C503B91D-074B-49E9-A64B-812AB8946F6D}.Debug|x86.ActiveCfg = Debug|Any CPU
		{C503B91D-074B-49E9-A64B-812AB8946F6D}.Debug|x86.Build.0 = Debug|Any CPU
		{C503B91D-074B-49E9-A64B-812AB8946F6D}.Release|Any CPU.ActiveCfg = Release|Any CPU
		{C503B91D-074B-49E9-A64B-812AB8946F6D}.Release|Any CPU.Build.0 = Release|Any CPU
		{C503B91D-074B-49E9-A64B-812AB8946F6D}.Release|x64.ActiveCfg = Release|Any CPU
		{C503B91D-074B-49E9-A64B-812AB8946F6D}.Release|x64.Build.0 = Release|Any CPU
		{C503B91D-074B-49E9-A64B-812AB8946F6D}.Release|x86.ActiveCfg = Release|Any CPU
		{C503B91D-074B-49E9-A64B-812AB8946F6D}.Release|x86.Build.0 = Release|Any CPU
		{7C18324C-3A2D-4305-841F-CAE4C3E6C388}.Debug|Any CPU.ActiveCfg = Debug|Any CPU
		{7C18324C-3A2D-4305-841F-CAE4C3E6C388}.Debug|Any CPU.Build.0 = Debug|Any CPU
		{7C18324C-3A2D-4305-841F-CAE4C3E6C388}.Debug|x64.ActiveCfg = Debug|Any CPU
		{7C18324C-3A2D-4305-841F-CAE4C3E6C388}.Debug|x64.Build.0 = Debug|Any CPU
		{7C18324C-3A2D-4305-841F-CAE4C3E6C388}.Debug|x86.ActiveCfg = Debug|Any CPU
		{7C18324C-3A2D-4305-841F-CAE4C3E6C388}.Debug|x86.Build.0 = Debug|Any CPU
		{7C18324C-3A2D-4305-841F-CAE4C3E6C388}.Release|Any CPU.ActiveCfg = Release|Any CPU
		{7C18324C-3A2D-4305-841F-CAE4C3E6C388}.Release|Any CPU.Build.0 = Release|Any CPU
		{7C18324C-3A2D-4305-841F-CAE4C3E6C388}.Release|x64.ActiveCfg = Release|Any CPU
		{7C18324C-3A2D-4305-841F-CAE4C3E6C388}.Release|x64.Build.0 = Release|Any CPU
		{7C18324C-3A2D-4305-841F-CAE4C3E6C388}.Release|x86.ActiveCfg = Release|Any CPU
		{7C18324C-3A2D-4305-841F-CAE4C3E6C388}.Release|x86.Build.0 = Release|Any CPU
		{DDA6FEAA-B5B3-4920-BDA5-2A5527D24572}.Debug|Any CPU.ActiveCfg = Debug|Any CPU
		{DDA6FEAA-B5B3-4920-BDA5-2A5527D24572}.Debug|Any CPU.Build.0 = Debug|Any CPU
		{DDA6FEAA-B5B3-4920-BDA5-2A5527D24572}.Debug|x64.ActiveCfg = Debug|Any CPU
		{DDA6FEAA-B5B3-4920-BDA5-2A5527D24572}.Debug|x64.Build.0 = Debug|Any CPU
		{DDA6FEAA-B5B3-4920-BDA5-2A5527D24572}.Debug|x86.ActiveCfg = Debug|Any CPU
		{DDA6FEAA-B5B3-4920-BDA5-2A5527D24572}.Debug|x86.Build.0 = Debug|Any CPU
		{DDA6FEAA-B5B3-4920-BDA5-2A5527D24572}.Release|Any CPU.ActiveCfg = Release|Any CPU
		{DDA6FEAA-B5B3-4920-BDA5-2A5527D24572}.Release|Any CPU.Build.0 = Release|Any CPU
		{DDA6FEAA-B5B3-4920-BDA5-2A5527D24572}.Release|x64.ActiveCfg = Release|Any CPU
		{DDA6FEAA-B5B3-4920-BDA5-2A5527D24572}.Release|x64.Build.0 = Release|Any CPU
		{DDA6FEAA-B5B3-4920-BDA5-2A5527D24572}.Release|x86.ActiveCfg = Release|Any CPU
		{DDA6FEAA-B5B3-4920-BDA5-2A5527D24572}.Release|x86.Build.0 = Release|Any CPU
		{07D7B750-6DC8-47E8-9D7F-6A2E05722E33}.Debug|Any CPU.ActiveCfg = Debug|Any CPU
		{07D7B750-6DC8-47E8-9D7F-6A2E05722E33}.Debug|Any CPU.Build.0 = Debug|Any CPU
		{07D7B750-6DC8-47E8-9D7F-6A2E05722E33}.Debug|x64.ActiveCfg = Debug|Any CPU
		{07D7B750-6DC8-47E8-9D7F-6A2E05722E33}.Debug|x64.Build.0 = Debug|Any CPU
		{07D7B750-6DC8-47E8-9D7F-6A2E05722E33}.Debug|x86.ActiveCfg = Debug|Any CPU
		{07D7B750-6DC8-47E8-9D7F-6A2E05722E33}.Debug|x86.Build.0 = Debug|Any CPU
		{07D7B750-6DC8-47E8-9D7F-6A2E05722E33}.Release|Any CPU.ActiveCfg = Release|Any CPU
		{07D7B750-6DC8-47E8-9D7F-6A2E05722E33}.Release|Any CPU.Build.0 = Release|Any CPU
		{07D7B750-6DC8-47E8-9D7F-6A2E05722E33}.Release|x64.ActiveCfg = Release|Any CPU
		{07D7B750-6DC8-47E8-9D7F-6A2E05722E33}.Release|x64.Build.0 = Release|Any CPU
		{07D7B750-6DC8-47E8-9D7F-6A2E05722E33}.Release|x86.ActiveCfg = Release|Any CPU
		{07D7B750-6DC8-47E8-9D7F-6A2E05722E33}.Release|x86.Build.0 = Release|Any CPU
	EndGlobalSection
EndGlobal
